<?xml version="1.0" encoding="utf-8"?>
<Project ToolsVersion="4.0" xmlns="http://schemas.microsoft.com/developer/msbuild/2003">
  <ItemGroup>
    <Filter Include="00. MainFrame">
      <UniqueIdentifier>{84157665-6619-4ac4-b74e-2bc76969f02e}</UniqueIdentifier>
    </Filter>
    <Filter Include="99. Default">
      <UniqueIdentifier>{96f97bc6-0792-409a-82e9-9e16e7e31307}</UniqueIdentifier>
    </Filter>
    <Filter Include="99. Default\소스 파일">
      <UniqueIdentifier>{4FC737F1-C7A5-4376-A066-2A32D752A2FF}</UniqueIdentifier>
      <Extensions>cpp;c;cc;cxx;def;odl;idl;hpj;bat;asm;asmx</Extensions>
    </Filter>
    <Filter Include="99. Default\리소스 파일">
      <UniqueIdentifier>{67DA6AB6-F800-4c08-8B7A-83BB121AAD01}</UniqueIdentifier>
      <Extensions>rc;ico;cur;bmp;dlg;rc2;rct;bin;rgs;gif;jpg;jpeg;jpe;resx;tiff;tif;png;wav;mfcribbon-ms</Extensions>
    </Filter>
    <Filter Include="99. Default\헤더 파일">
      <UniqueIdentifier>{93995380-89BD-4b04-88EB-625FBE52EBFB}</UniqueIdentifier>
      <Extensions>h;hh;hpp;hxx;hm;inl;inc;ipp;xsd</Extensions>
    </Filter>
    <Filter Include="02. Object">
      <UniqueIdentifier>{0b10d059-3a0c-48d6-a9e0-98df313e2d15}</UniqueIdentifier>
    </Filter>
    <Filter Include="95. Component">
      <UniqueIdentifier>{6322cc5b-65b6-4fca-a67b-1d9415d179c0}</UniqueIdentifier>
    </Filter>
    <Filter Include="95. Component\01. Mesh">
      <UniqueIdentifier>{a42a4aff-93e5-4c65-b012-9dc85eb8c6b1}</UniqueIdentifier>
    </Filter>
    <Filter Include="95. Component\02. Shader">
      <UniqueIdentifier>{5548e0fd-cde0-4399-98f7-71e7bfc0bb3c}</UniqueIdentifier>
    </Filter>
    <Filter Include="95. Component\03. Transform">
      <UniqueIdentifier>{2d06b2de-1d9b-49f4-8b6c-fafec21ec76a}</UniqueIdentifier>
    </Filter>
    <Filter Include="02. Object\00. Terrain">
      <UniqueIdentifier>{4b32b6e1-de37-4196-a49b-48267e869d94}</UniqueIdentifier>
    </Filter>
    <Filter Include="02. Object\01. Box">
      <UniqueIdentifier>{6d507c81-8ec5-4e4c-a394-84610696a604}</UniqueIdentifier>
    </Filter>
    <Filter Include="01. Device">
      <UniqueIdentifier>{03125e9d-33f2-47ec-bfdf-df560d49da87}</UniqueIdentifier>
    </Filter>
    <Filter Include="01. Device\00. DXDevice">
      <UniqueIdentifier>{d59d0600-be82-4e8a-9032-4a8276b76d1b}</UniqueIdentifier>
    </Filter>
    <Filter Include="01. Device\01. DXInput">
      <UniqueIdentifier>{fbc13dcc-45c0-4780-8211-74d047a13c0e}</UniqueIdentifier>
    </Filter>
    <Filter Include="02. Object\99. Camera">
      <UniqueIdentifier>{2484d0e5-85b3-4d48-88f7-43563e03d6ba}</UniqueIdentifier>
    </Filter>
    <Filter Include="02. Object\03. Sphere">
      <UniqueIdentifier>{78ba0b9d-8a39-4547-a6f7-e726937d0b80}</UniqueIdentifier>
    </Filter>
    <Filter Include="02. Object\04. Visible">
      <UniqueIdentifier>{d8af3862-0c54-4051-a8fd-0afc0684cdab}</UniqueIdentifier>
    </Filter>
    <Filter Include="95. Component\04. Texture">
      <UniqueIdentifier>{06f9f8b8-9419-4974-ba8c-6e082d62a5b6}</UniqueIdentifier>
    </Filter>
    <Filter Include="97. fx">
      <UniqueIdentifier>{116464f4-46be-4f20-915f-62dbb2f9036d}</UniqueIdentifier>
    </Filter>
    <Filter Include="95. Component\04. Texture\Loader">
      <UniqueIdentifier>{c8afd9b5-183e-40ef-98e6-cec3c76cf664}</UniqueIdentifier>
    </Filter>
    <Filter Include="98. Timer">
      <UniqueIdentifier>{4c727099-4093-4d57-8b85-fc4ce4c14a37}</UniqueIdentifier>
    </Filter>
    <Filter Include="02. Object\05. Lake">
      <UniqueIdentifier>{97d1ffc2-802a-42a0-b288-0576bc56e5b4}</UniqueIdentifier>
    </Filter>
    <Filter Include="02. Object\06. Trees">
      <UniqueIdentifier>{88b0715b-9b47-4e52-b03a-30a700110390}</UniqueIdentifier>
    </Filter>
    <Filter Include="96. global">
      <UniqueIdentifier>{41fbf8f5-21ab-47d2-a7d3-af9ec8f091e3}</UniqueIdentifier>
    </Filter>
  </ItemGroup>
  <ItemGroup>
    <ClInclude Include="targetver.h">
      <Filter>99. Default\헤더 파일</Filter>
    </ClInclude>
    <ClInclude Include="Resource.h">
      <Filter>99. Default\헤더 파일</Filter>
    </ClInclude>
    <ClInclude Include="DX11_StudyProject.h">
      <Filter>99. Default\헤더 파일</Filter>
    </ClInclude>
    <ClInclude Include="code\MainFrame.h">
      <Filter>00. MainFrame</Filter>
    </ClInclude>
    <ClInclude Include="code\Timer.h">
      <Filter>98. Timer</Filter>
    </ClInclude>
    <ClInclude Include="code\struct.h">
      <Filter>96. global</Filter>
    </ClInclude>
    <ClInclude Include="framework.h">
      <Filter>96. global</Filter>
    </ClInclude>
    <ClInclude Include="code\Mesh.h">
      <Filter>95. Component\01. Mesh</Filter>
    </ClInclude>
    <ClInclude Include="code\GeometryGenerator.h">
      <Filter>95. Component\01. Mesh</Filter>
    </ClInclude>
    <ClInclude Include="code\Box.h">
      <Filter>02. Object\01. Box</Filter>
    </ClInclude>
    <ClInclude Include="code\Device.h">
      <Filter>01. Device\00. DXDevice</Filter>
    </ClInclude>
    <ClInclude Include="code\Camera.h">
      <Filter>02. Object\99. Camera</Filter>
    </ClInclude>
    <ClInclude Include="code\Component.h">
      <Filter>95. Component</Filter>
    </ClInclude>
    <ClInclude Include="code\FigureMesh.h">
      <Filter>95. Component\01. Mesh</Filter>
    </ClInclude>
    <ClInclude Include="code\Functor.h">
      <Filter>96. global</Filter>
    </ClInclude>
    <ClInclude Include="code\Input.h">
      <Filter>01. Device\01. DXInput</Filter>
    </ClInclude>
    <ClInclude Include="code\Object.h">
      <Filter>02. Object</Filter>
    </ClInclude>
    <ClInclude Include="code\Shader.h">
      <Filter>95. Component\02. Shader</Filter>
    </ClInclude>
    <ClInclude Include="code\Sphere.h">
      <Filter>02. Object\03. Sphere</Filter>
    </ClInclude>
    <ClInclude Include="code\Terrain.h">
      <Filter>02. Object\00. Terrain</Filter>
    </ClInclude>
    <ClInclude Include="code\Transform.h">
      <Filter>95. Component\03. Transform</Filter>
    </ClInclude>
    <ClInclude Include="code\Visible.h">
      <Filter>02. Object\04. Visible</Filter>
    </ClInclude>
    <ClInclude Include="code\Texture.h">
      <Filter>95. Component\04. Texture</Filter>
    </ClInclude>
    <ClInclude Include="code\DDSTextureLoader.h">
      <Filter>95. Component\04. Texture\Loader</Filter>
    </ClInclude>
    <ClInclude Include="code\WICTextureLoader.h">
      <Filter>95. Component\04. Texture\Loader</Filter>
    </ClInclude>
    <ClInclude Include="code\Lake.h">
      <Filter>02. Object\05. Lake</Filter>
    </ClInclude>
    <ClInclude Include="code\Trees.h">
      <Filter>02. Object\06. Trees</Filter>
    </ClInclude>
  </ItemGroup>
  <ItemGroup>
    <ClCompile Include="DX11_StudyProject.cpp">
      <Filter>99. Default\소스 파일</Filter>
    </ClCompile>
    <ClCompile Include="code\MainFrame.cpp">
      <Filter>00. MainFrame</Filter>
    </ClCompile>
    <ClCompile Include="code\Timer.cpp">
      <Filter>98. Timer</Filter>
    </ClCompile>
    <ClCompile Include="code\Mesh.cpp">
      <Filter>95. Component\01. Mesh</Filter>
    </ClCompile>
    <ClCompile Include="code\Box.cpp">
      <Filter>02. Object\01. Box</Filter>
    </ClCompile>
    <ClCompile Include="code\Device.cpp">
      <Filter>01. Device\00. DXDevice</Filter>
    </ClCompile>
    <ClCompile Include="code\Camera.cpp">
      <Filter>02. Object\99. Camera</Filter>
    </ClCompile>
    <ClCompile Include="code\Component.cpp">
      <Filter>95. Component</Filter>
    </ClCompile>
    <ClCompile Include="code\FigureMesh.cpp">
      <Filter>95. Component\01. Mesh</Filter>
    </ClCompile>
    <ClCompile Include="code\GeometryGenerator.cpp">
      <Filter>95. Component\01. Mesh</Filter>
    </ClCompile>
    <ClCompile Include="code\Input.cpp">
      <Filter>01. Device\01. DXInput</Filter>
    </ClCompile>
    <ClCompile Include="code\Object.cpp">
      <Filter>02. Object</Filter>
    </ClCompile>
    <ClCompile Include="code\Shader.cpp">
      <Filter>95. Component\02. Shader</Filter>
    </ClCompile>
    <ClCompile Include="code\Sphere.cpp">
      <Filter>02. Object\03. Sphere</Filter>
    </ClCompile>
    <ClCompile Include="code\Terrain.cpp">
      <Filter>02. Object\00. Terrain</Filter>
    </ClCompile>
    <ClCompile Include="code\Transform.cpp">
      <Filter>95. Component\03. Transform</Filter>
    </ClCompile>
    <ClCompile Include="code\Visible.cpp">
      <Filter>02. Object\04. Visible</Filter>
    </ClCompile>
    <ClCompile Include="code\DDSTextureLoader.cpp">
      <Filter>95. Component\04. Texture\Loader</Filter>
    </ClCompile>
    <ClCompile Include="code\WICTextureLoader.cpp">
      <Filter>95. Component\04. Texture\Loader</Filter>
    </ClCompile>
    <ClCompile Include="code\Texture.cpp">
      <Filter>95. Component\04. Texture</Filter>
    </ClCompile>
    <ClCompile Include="code\Lake.cpp">
      <Filter>02. Object\05. Lake</Filter>
    </ClCompile>
    <ClCompile Include="code\Trees.cpp">
      <Filter>02. Object\06. Trees</Filter>
    </ClCompile>
  </ItemGroup>
  <ItemGroup>
    <ResourceCompile Include="DX11_StudyProject.rc">
      <Filter>99. Default\리소스 파일</Filter>
    </ResourceCompile>
  </ItemGroup>
  <ItemGroup>
    <Image Include="small.ico">
      <Filter>99. Default\리소스 파일</Filter>
    </Image>
    <Image Include="DX11_StudyProject.ico">
      <Filter>99. Default\리소스 파일</Filter>
    </Image>
  </ItemGroup>
  <ItemGroup>
    <Text Include="..\..\UpdateList.txt">
      <Filter>00. MainFrame</Filter>
    </Text>
  </ItemGroup>
  <ItemGroup>
    <FxCompile Include="..\Shader\Default.fx">
      <Filter>97. fx</Filter>
    </FxCompile>
    <FxCompile Include="..\Shader\Texture.fx">
      <Filter>97. fx</Filter>
    </FxCompile>
    <FxCompile Include="..\Shader\Light.fx">
      <Filter>97. fx</Filter>
    </FxCompile>
    <FxCompile Include="..\Shader\Geometry.fx">
      <Filter>97. fx</Filter>
    </FxCompile>
    <FxCompile Include="..\Shader\Billboard.fx">
      <Filter>97. fx</Filter>
    </FxCompile>
    <FxCompile Include="..\Shader\Instancing.fx">
      <Filter>97. fx</Filter>
    </FxCompile>
  </ItemGroup>
</Project>